{
  "name": "rust-cardano-js-test",
  "version": "1.0.0",
  "lockfileVersion": 1,
  "requires": true,
  "dependencies": {
    "iconv-lite": {
      "version": "0.4.19",
      "resolved": "https://registry.npmjs.org/iconv-lite/-/iconv-lite-0.4.19.tgz",
      "integrity": "sha512-oTZqweIP51xaGPI4uPa56/Pri/480R+mo7SeU+YETByQNhDG55ycFyNLIgta9vXhILrxXDmF7ZGhqZIcuN0gJQ=="
    },
    "rust-cardano-crypto": {
      "version": "0.2.0",
      "resolved": "https://registry.npmjs.org/rust-cardano-crypto/-/rust-cardano-crypto-0.2.0.tgz",
      "integrity": "sha512-uEvfgTd8KHosGx47AU7X5e+5Yk3iTUwJRfADkGlBOxsN6vVYGhh2bgQwWbMXeTwjv6HDZBCyWzWhUd47QKL4kQ==",
      "requires": {
        "iconv-lite": "0.4.19",
        "safe-buffer": "5.1.1"
      }
    },
    "safe-buffer": {
      "version": "5.1.1",
      "resolved": "https://registry.npmjs.org/safe-buffer/-/safe-buffer-5.1.1.tgz",
      "integrity": "sha512-kKvNJn6Mm93gAczWVJg7wH+wGYWNrDHdWvpUmHyEsgCtIwwo3bqPtV4tR5tuPaUhTOo/kvhVwd8XwwOllGYkbg=="
    }
  }
}
